
Microsoft Visual Studio Solution File, Format Version 12.00
# Visual Studio Version 17
VisualStudioVersion = 17.5.002.0
MinimumVisualStudioVersion = 10.0.40219.1
Project("{9A19103F-16F7-4668-BE54-9A1E7A4F7556}") = "PersonalSite", "PersonalSite\PersonalSite.csproj", "{9C91B51F-1330-4E79-B5CB-ECB0544D262B}"
EndProject
Project("{9A19103F-16F7-4668-BE54-9A1E7A4F7556}") = "Markdown", "Markdown\Markdown.csproj", "{143AD627-E62E-4FE2-B50E-E943D80C4EF6}"
EndProject
Project("{9A19103F-16F7-4668-BE54-9A1E7A4F7556}") = "Processor", "Processor\Processor.csproj", "{F8A7DFBD-E61D-4AB3-BBBE-C2426F20C4CC}"
EndProject
Global
	GlobalSection(SolutionConfigurationPlatforms) = preSolution
		Debug|Any CPU = Debug|Any CPU
		Release|Any CPU = Release|Any CPU
	EndGlobalSection
	GlobalSection(ProjectConfigurationPlatforms) = postSolution
		{9C91B51F-1330-4E79-B5CB-ECB0544D262B}.Debug|Any CPU.ActiveCfg = Debug|Any CPU
		{9C91B51F-1330-4E79-B5CB-ECB0544D262B}.Debug|Any CPU.Build.0 = Debug|Any CPU
		{9C91B51F-1330-4E79-B5CB-ECB0544D262B}.Release|Any CPU.ActiveCfg = Release|Any CPU
		{9C91B51F-1330-4E79-B5CB-ECB0544D262B}.Release|Any CPU.Build.0 = Release|Any CPU
		{143AD627-E62E-4FE2-B50E-E943D80C4EF6}.Debug|Any CPU.ActiveCfg = Debug|Any CPU
		{143AD627-E62E-4FE2-B50E-E943D80C4EF6}.Debug|Any CPU.Build.0 = Debug|Any CPU
		{143AD627-E62E-4FE2-B50E-E943D80C4EF6}.Release|Any CPU.ActiveCfg = Release|Any CPU
		{143AD627-E62E-4FE2-B50E-E943D80C4EF6}.Release|Any CPU.Build.0 = Release|Any CPU
		{F8A7DFBD-E61D-4AB3-BBBE-C2426F20C4CC}.Debug|Any CPU.ActiveCfg = Debug|Any CPU
		{F8A7DFBD-E61D-4AB3-BBBE-C2426F20C4CC}.Debug|Any CPU.Build.0 = Debug|Any CPU
		{F8A7DFBD-E61D-4AB3-BBBE-C2426F20C4CC}.Release|Any CPU.ActiveCfg = Release|Any CPU
		{F8A7DFBD-E61D-4AB3-BBBE-C2426F20C4CC}.Release|Any CPU.Build.0 = Release|Any CPU
	EndGlobalSection
	GlobalSection(SolutionProperties) = preSolution
		HideSolutionNode = FALSE
	EndGlobalSection
	GlobalSection(ExtensibilityGlobals) = postSolution
		SolutionGuid = {9F0CDEB1-5C94-4BC4-9D8C-B4BB6964A7A5}
	EndGlobalSection
EndGlobal
